{
  "name": "readwords",
  "version": "0.0.1",
  "lockfileVersion": 1,
  "requires": true,
  "dependencies": {
    "censorify_lu": {
      "version": "0.1.2",
      "resolved": "https://registry.npmjs.org/censorify_lu/-/censorify_lu-0.1.2.tgz",
      "integrity": "sha512-CED0lgjP+MhSFJRzLxZK0x0UE88XfxvNs7Kw8uQyx/kRAjTU7fITH5fAK4mlV5jddiYPjLgRLIcPhPNZEs/Umg=="
    }
  }
}
